// !$*UTF8*$!
{
	archiveVersion = 1;
	classes = {
	};
	objectVersion = 77;
	objects = {

/* Begin PBXBuildFile section */
		EEDC660D2F460A940024C3F3 /* Assets.xcassets in Resources */ = {isa = PBXBuildFile; fileRef = EEDC66062F460A940024C3F3 /* Assets.xcassets */; };
		EEDC660E2F460A940024C3F3 /* Persistence.swift in Sources */ = {isa = PBXBuildFile; fileRef = EEDC660A2F460A940024C3F3 /* Persistence.swift */; };
		EEDC660F2F460A940024C3F3 /* ContentView.swift in Sources */ = {isa = PBXBuildFile; fileRef = EEDC66072F460A940024C3F3 /* ContentView.swift */; };
		EEDC66102F460A940024C3F3 /* NailNote.xcdatamodeld in Sources */ = {isa = PBXBuildFile; fileRef = EEDC66082F460A940024C3F3 /* NailNote.xcdatamodeld */; };
		EEDC66112F460A940024C3F3 /* NailNoteApp.swift in Sources */ = {isa = PBXBuildFile; fileRef = EEDC66092F460A940024C3F3 /* NailNoteApp.swift */; };
		EEDC661F2F4616400024C3F3 /* RootView.swift in Sources */ = {isa = PBXBuildFile; fileRef = EEDC661E2F4616330024C3F3 /* RootView.swift */; };
		EEDC66262F4617010024C3F3 /* EntryListView.swift in Sources */ = {isa = PBXBuildFile; fileRef = EEDC66242F4617010024C3F3 /* EntryListView.swift */; };
		EEDC66282F4617400024C3F3 /* SimHomeView.swift in Sources */ = {isa = PBXBuildFile; fileRef = EEDC66272F46173A0024C3F3 /* SimHomeView.swift */; };
		EEDC662C2F46177E0024C3F3 /* SettingsView.swift in Sources */ = {isa = PBXBuildFile; fileRef = EEDC662B2F46177C0024C3F3 /* SettingsView.swift */; };
		EEDC662E2F461DEF0024C3F3 /* AddEntryView.swift in Sources */ = {isa = PBXBuildFile; fileRef = EEDC662D2F461DED0024C3F3 /* AddEntryView.swift */; };
		EEDC66302F46A9A40024C3F3 /* EditEntryView.swift in Sources */ = {isa = PBXBuildFile; fileRef = EEDC662F2F46A9A10024C3F3 /* EditEntryView.swift */; };
		EEDC66332F46AEF50024C3F3 /* NailProductCategory.swift in Sources */ = {isa = PBXBuildFile; fileRef = EEDC66322F46AEF30024C3F3 /* NailProductCategory.swift */; };
		EEDC66392F46B7140024C3F3 /* ProductListView.swift in Sources */ = {isa = PBXBuildFile; fileRef = EEDC66382F46B70E0024C3F3 /* ProductListView.swift */; };
		EEDC663B2F46B7450024C3F3 /* AddOrEditProductView.swift in Sources */ = {isa = PBXBuildFile; fileRef = EEDC663A2F46B7410024C3F3 /* AddOrEditProductView.swift */; };
		EEDC664B2F474C0E0024C3F3 /* ProductMultiSelectView.swift in Sources */ = {isa = PBXBuildFile; fileRef = EEDC664A2F474C0A0024C3F3 /* ProductMultiSelectView.swift */; };
		EEDC66512F475C650024C3F3 /* EntryPhotoStore.swift in Sources */ = {isa = PBXBuildFile; fileRef = EEDC66502F475C580024C3F3 /* EntryPhotoStore.swift */; };
		EEDC66532F475FDA0024C3F3 /* ProductPhotoStore.swift in Sources */ = {isa = PBXBuildFile; fileRef = EEDC66522F475FD70024C3F3 /* ProductPhotoStore.swift */; };
		EEFF00012F4A5B6A00A1B234 /* GlassTheme.swift in Sources */ = {isa = PBXBuildFile; fileRef = EEFF00002F4A5B6A00A1B234 /* GlassTheme.swift */; };
		EEFF00032F4A5B7900A1B234 /* GlassBackgroundView.swift in Sources */ = {isa = PBXBuildFile; fileRef = EEFF00022F4A5B7900A1B234 /* GlassBackgroundView.swift */; };
		EEFF00052F4A5B8700A1B234 /* GlassCard.swift in Sources */ = {isa = PBXBuildFile; fileRef = EEFF00042F4A5B8700A1B234 /* GlassCard.swift */; };
		EEFF00122F4ABC8400A1B234 /* NailDesignCategory.swift in Sources */ = {isa = PBXBuildFile; fileRef = EEFF00112F4ABC8400A1B234 /* NailDesignCategory.swift */; };
		EEFF00142F4AC4B200A1B234 /* StarRatingView.swift in Sources */ = {isa = PBXBuildFile; fileRef = EEFF00132F4AC4B200A1B234 /* StarRatingView.swift */; };
		EEFF00162F4AD4F900A1B234 /* NailColorTone.swift in Sources */ = {isa = PBXBuildFile; fileRef = EEFF00152F4AD4F900A1B234 /* NailColorTone.swift */; };
/* End PBXBuildFile section */

/* Begin PBXFileReference section */
		EEDC65F22F4607920024C3F3 /* NailNote.app */ = {isa = PBXFileReference; explicitFileType = wrapper.application; includeInIndex = 0; path = NailNote.app; sourceTree = BUILT_PRODUCTS_DIR; };
		EEDC66062F460A940024C3F3 /* Assets.xcassets */ = {isa = PBXFileReference; lastKnownFileType = folder.assetcatalog; path = Assets.xcassets; sourceTree = "<group>"; };
		EEDC66072F460A940024C3F3 /* ContentView.swift */ = {isa = PBXFileReference; lastKnownFileType = sourcecode.swift; path = ContentView.swift; sourceTree = "<group>"; };
		EEDC66092F460A940024C3F3 /* NailNoteApp.swift */ = {isa = PBXFileReference; lastKnownFileType = sourcecode.swift; path = NailNoteApp.swift; sourceTree = "<group>"; };
		EEDC660A2F460A940024C3F3 /* Persistence.swift */ = {isa = PBXFileReference; lastKnownFileType = sourcecode.swift; path = Persistence.swift; sourceTree = "<group>"; };
		EEDC660C2F460A940024C3F3 /* NailNote.xcdatamodel */ = {isa = PBXFileReference; lastKnownFileType = wrapper.xcdatamodel; path = NailNote.xcdatamodel; sourceTree = "<group>"; };
		EEDC661E2F4616330024C3F3 /* RootView.swift */ = {isa = PBXFileReference; lastKnownFileType = sourcecode.swift; path = RootView.swift; sourceTree = "<group>"; };
		EEDC66242F4617010024C3F3 /* EntryListView.swift */ = {isa = PBXFileReference; lastKnownFileType = sourcecode.swift; path = EntryListView.swift; sourceTree = "<group>"; };
		EEDC66272F46173A0024C3F3 /* SimHomeView.swift */ = {isa = PBXFileReference; lastKnownFileType = sourcecode.swift; path = SimHomeView.swift; sourceTree = "<group>"; };
		EEDC662B2F46177C0024C3F3 /* SettingsView.swift */ = {isa = PBXFileReference; lastKnownFileType = sourcecode.swift; path = SettingsView.swift; sourceTree = "<group>"; };
		EEDC662D2F461DED0024C3F3 /* AddEntryView.swift */ = {isa = PBXFileReference; lastKnownFileType = sourcecode.swift; path = AddEntryView.swift; sourceTree = "<group>"; };
		EEDC662F2F46A9A10024C3F3 /* EditEntryView.swift */ = {isa = PBXFileReference; lastKnownFileType = sourcecode.swift; path = EditEntryView.swift; sourceTree = "<group>"; };
		EEDC66322F46AEF30024C3F3 /* NailProductCategory.swift */ = {isa = PBXFileReference; lastKnownFileType = sourcecode.swift; path = NailProductCategory.swift; sourceTree = "<group>"; };
		EEDC66382F46B70E0024C3F3 /* ProductListView.swift */ = {isa = PBXFileReference; lastKnownFileType = sourcecode.swift; path = ProductListView.swift; sourceTree = "<group>"; };
		EEDC663A2F46B7410024C3F3 /* AddOrEditProductView.swift */ = {isa = PBXFileReference; lastKnownFileType = sourcecode.swift; path = AddOrEditProductView.swift; sourceTree = "<group>"; };
		EEDC664A2F474C0A0024C3F3 /* ProductMultiSelectView.swift */ = {isa = PBXFileReference; lastKnownFileType = sourcecode.swift; path = ProductMultiSelectView.swift; sourceTree = "<group>"; };
		EEDC664E2F474F150024C3F3 /* NailProduct+CoreDataClass.swift */ = {isa = PBXFileReference; lastKnownFileType = sourcecode.swift; path = "NailProduct+CoreDataClass.swift"; sourceTree = "<group>"; };
		EEDC66502F475C580024C3F3 /* EntryPhotoStore.swift */ = {isa = PBXFileReference; lastKnownFileType = sourcecode.swift; path = EntryPhotoStore.swift; sourceTree = "<group>"; };
		EEDC66522F475FD70024C3F3 /* ProductPhotoStore.swift */ = {isa = PBXFileReference; lastKnownFileType = sourcecode.swift; path = ProductPhotoStore.swift; sourceTree = "<group>"; };
		EEFF00002F4A5B6A00A1B234 /* GlassTheme.swift */ = {isa = PBXFileReference; lastKnownFileType = sourcecode.swift; path = GlassTheme.swift; sourceTree = "<group>"; };
		EEFF00022F4A5B7900A1B234 /* GlassBackgroundView.swift */ = {isa = PBXFileReference; lastKnownFileType = sourcecode.swift; path = GlassBackgroundView.swift; sourceTree = "<group>"; };
		EEFF00042F4A5B8700A1B234 /* GlassCard.swift */ = {isa = PBXFileReference; lastKnownFileType = sourcecode.swift; path = GlassCard.swift; sourceTree = "<group>"; };
		EEFF00112F4ABC8400A1B234 /* NailDesignCategory.swift */ = {isa = PBXFileReference; lastKnownFileType = sourcecode.swift; path = NailDesignCategory.swift; sourceTree = "<group>"; };
		EEFF00132F4AC4B200A1B234 /* StarRatingView.swift */ = {isa = PBXFileReference; lastKnownFileType = sourcecode.swift; path = StarRatingView.swift; sourceTree = "<group>"; };
		EEFF00152F4AD4F900A1B234 /* NailColorTone.swift */ = {isa = PBXFileReference; lastKnownFileType = sourcecode.swift; path = NailColorTone.swift; sourceTree = "<group>"; };
/* End PBXFileReference section */

/* Begin PBXFrameworksBuildPhase section */
		EEDC65EF2F4607920024C3F3 /* Frameworks */ = {
			isa = PBXFrameworksBuildPhase;
			buildActionMask = 2147483647;
			files = (
			);
			runOnlyForDeploymentPostprocessing = 0;
		};
/* End PBXFrameworksBuildPhase section */

/* Begin PBXGroup section */
		EEDC65E92F4607920024C3F3 = {
			isa = PBXGroup;
			children = (
				EEDC65F32F4607920024C3F3 /* Products */,
				EEDC660B2F460A940024C3F3 /* NailNote */,
			);
			sourceTree = "<group>";
		};
		EEDC65F32F4607920024C3F3 /* Products */ = {
			isa = PBXGroup;
			children = (
				EEDC65F22F4607920024C3F3 /* NailNote.app */,
			);
			name = Products;
			sourceTree = "<group>";
		};
		EEDC660B2F460A940024C3F3 /* NailNote */ = {
			isa = PBXGroup;
			children = (
				EEDC66152F460BA90024C3F3 /* Design */,
				EEDC66142F460B9D0024C3F3 /* Features */,
				EEDC66132F460B920024C3F3 /* Core */,
				EEDC66122F460B7E0024C3F3 /* App */,
				EEDC66062F460A940024C3F3 /* Assets.xcassets */,
			);
			path = NailNote;
			sourceTree = "<group>";
		};
		EEDC66122F460B7E0024C3F3 /* App */ = {
			isa = PBXGroup;
			children = (
				EEDC661E2F4616330024C3F3 /* RootView.swift */,
				EEDC66072F460A940024C3F3 /* ContentView.swift */,
				EEDC66092F460A940024C3F3 /* NailNoteApp.swift */,
			);
			path = App;
			sourceTree = "<group>";
		};
		EEDC66132F460B920024C3F3 /* Core */ = {
			isa = PBXGroup;
			children = (
				EEFF00152F4AD4F900A1B234 /* NailColorTone.swift */,
				EEFF00112F4ABC8400A1B234 /* NailDesignCategory.swift */,
				EEDC66522F475FD70024C3F3 /* ProductPhotoStore.swift */,
				EEDC66502F475C580024C3F3 /* EntryPhotoStore.swift */,
				EEDC664E2F474F150024C3F3 /* NailProduct+CoreDataClass.swift */,
				EEDC660A2F460A940024C3F3 /* Persistence.swift */,
				EEDC66082F460A940024C3F3 /* NailNote.xcdatamodeld */,
			);
			path = Core;
			sourceTree = "<group>";
		};
		EEDC66142F460B9D0024C3F3 /* Features */ = {
			isa = PBXGroup;
			children = (
				EEDC66312F46AED90024C3F3 /* Products */,
				EEDC66252F4617010024C3F3 /* Entries */,
				EEDC66292F4617540024C3F3 /* Sim */,
				EEDC662A2F46176C0024C3F3 /* Settings */,
			);
			path = Features;
			sourceTree = "<group>";
		};
		EEDC66152F460BA90024C3F3 /* Design */ = {
			isa = PBXGroup;
			children = (
				EEFF00132F4AC4B200A1B234 /* StarRatingView.swift */,
				EEFF00042F4A5B8700A1B234 /* GlassCard.swift */,
				EEFF00022F4A5B7900A1B234 /* GlassBackgroundView.swift */,
				EEFF00002F4A5B6A00A1B234 /* GlassTheme.swift */,
			);
			path = Design;
			sourceTree = "<group>";
		};
		EEDC66252F4617010024C3F3 /* Entries */ = {
			isa = PBXGroup;
			children = (
				EEDC664A2F474C0A0024C3F3 /* ProductMultiSelectView.swift */,
				EEDC662F2F46A9A10024C3F3 /* EditEntryView.swift */,
				EEDC662D2F461DED0024C3F3 /* AddEntryView.swift */,
				EEDC66242F4617010024C3F3 /* EntryListView.swift */,
			);
			path = Entries;
			sourceTree = "<group>";
		};
		EEDC66292F4617540024C3F3 /* Sim */ = {
			isa = PBXGroup;
			children = (
				EEDC66272F46173A0024C3F3 /* SimHomeView.swift */,
			);
			path = Sim;
			sourceTree = "<group>";
		};
		EEDC662A2F46176C0024C3F3 /* Settings */ = {
			isa = PBXGroup;
			children = (
				EEDC662B2F46177C0024C3F3 /* SettingsView.swift */,
			);
			path = Settings;
			sourceTree = "<group>";
		};
		EEDC66312F46AED90024C3F3 /* Products */ = {
			isa = PBXGroup;
			children = (
				EEDC663A2F46B7410024C3F3 /* AddOrEditProductView.swift */,
				EEDC66382F46B70E0024C3F3 /* ProductListView.swift */,
				EEDC66322F46AEF30024C3F3 /* NailProductCategory.swift */,
			);
			path = Products;
			sourceTree = "<group>";
		};
/* End PBXGroup section */

/* Begin PBXNativeTarget section */
		EEDC65F12F4607920024C3F3 /* NailNote */ = {
			isa = PBXNativeTarget;
			buildConfigurationList = EEDC66022F4607970024C3F3 /* Build configuration list for PBXNativeTarget "NailNote" */;
			buildPhases = (
				EEDC65EE2F4607920024C3F3 /* Sources */,
				EEDC65EF2F4607920024C3F3 /* Frameworks */,
				EEDC65F02F4607920024C3F3 /* Resources */,
			);
			buildRules = (
			);
			dependencies = (
			);
			name = NailNote;
			packageProductDependencies = (
			);
			productName = NailNote;
			productReference = EEDC65F22F4607920024C3F3 /* NailNote.app */;
			productType = "com.apple.product-type.application";
		};
/* End PBXNativeTarget section */

/* Begin PBXProject section */
		EEDC65EA2F4607920024C3F3 /* Project object */ = {
			isa = PBXProject;
			attributes = {
				BuildIndependentTargetsInParallel = 1;
				LastSwiftUpdateCheck = 2620;
				LastUpgradeCheck = 2620;
				TargetAttributes = {
					EEDC65F12F4607920024C3F3 = {
						CreatedOnToolsVersion = 26.2;
					};
				};
			};
			buildConfigurationList = EEDC65ED2F4607920024C3F3 /* Build configuration list for PBXProject "NailNote" */;
			developmentRegion = en;
			hasScannedForEncodings = 0;
			knownRegions = (
				en,
				Base,
			);
			mainGroup = EEDC65E92F4607920024C3F3;
			minimizedProjectReferenceProxies = 1;
			preferredProjectObjectVersion = 77;
			productRefGroup = EEDC65F32F4607920024C3F3 /* Products */;
			projectDirPath = "";
			projectRoot = "";
			targets = (
				EEDC65F12F4607920024C3F3 /* NailNote */,
			);
		};
/* End PBXProject section */

/* Begin PBXResourcesBuildPhase section */
		EEDC65F02F4607920024C3F3 /* Resources */ = {
			isa = PBXResourcesBuildPhase;
			buildActionMask = 2147483647;
			files = (
				EEDC660D2F460A940024C3F3 /* Assets.xcassets in Resources */,
			);
			runOnlyForDeploymentPostprocessing = 0;
		};
/* End PBXResourcesBuildPhase section */

/* Begin PBXSourcesBuildPhase section */
		EEDC65EE2F4607920024C3F3 /* Sources */ = {
			isa = PBXSourcesBuildPhase;
			buildActionMask = 2147483647;
			files = (
				EEDC660E2F460A940024C3F3 /* Persistence.swift in Sources */,
				EEDC660F2F460A940024C3F3 /* ContentView.swift in Sources */,
				EEDC66302F46A9A40024C3F3 /* EditEntryView.swift in Sources */,
				EEDC66512F475C650024C3F3 /* EntryPhotoStore.swift in Sources */,
				EEDC66102F460A940024C3F3 /* NailNote.xcdatamodeld in Sources */,
				EEDC661F2F4616400024C3F3 /* RootView.swift in Sources */,
				EEDC663B2F46B7450024C3F3 /* AddOrEditProductView.swift in Sources */,
				EEDC66112F460A940024C3F3 /* NailNoteApp.swift in Sources */,
				EEDC66332F46AEF50024C3F3 /* NailProductCategory.swift in Sources */,
				EEFF00122F4ABC8400A1B234 /* NailDesignCategory.swift in Sources */,
				EEFF00032F4A5B7900A1B234 /* GlassBackgroundView.swift in Sources */,
				EEFF00142F4AC4B200A1B234 /* StarRatingView.swift in Sources */,
				EEFF00162F4AD4F900A1B234 /* NailColorTone.swift in Sources */,
				EEDC662C2F46177E0024C3F3 /* SettingsView.swift in Sources */,
				EEDC664B2F474C0E0024C3F3 /* ProductMultiSelectView.swift in Sources */,
				EEDC66392F46B7140024C3F3 /* ProductListView.swift in Sources */,
				EEFF00012F4A5B6A00A1B234 /* GlassTheme.swift in Sources */,
				EEDC66282F4617400024C3F3 /* SimHomeView.swift in Sources */,
				EEDC66532F475FDA0024C3F3 /* ProductPhotoStore.swift in Sources */,
				EEDC662E2F461DEF0024C3F3 /* AddEntryView.swift in Sources */,
				EEFF00052F4A5B8700A1B234 /* GlassCard.swift in Sources */,
				EEDC66262F4617010024C3F3 /* EntryListView.swift in Sources */,
			);
			runOnlyForDeploymentPostprocessing = 0;
		};
/* End PBXSourcesBuildPhase section */

/* Begin XCBuildConfiguration section */
		EEDC66002F4607970024C3F3 /* Debug */ = {
			isa = XCBuildConfiguration;
			buildSettings = {
				ALWAYS_SEARCH_USER_PATHS = NO;
				ASSETCATALOG_COMPILER_GENERATE_SWIFT_ASSET_SYMBOL_EXTENSIONS = YES;
				CLANG_ANALYZER_NONNULL = YES;
				CLANG_ANALYZER_NUMBER_OBJECT_CONVERSION = YES_AGGRESSIVE;
				CLANG_CXX_LANGUAGE_STANDARD = "gnu++20";
				CLANG_ENABLE_MODULES = YES;
				CLANG_ENABLE_OBJC_ARC = YES;
				CLANG_ENABLE_OBJC_WEAK = YES;
				CLANG_WARN_BLOCK_CAPTURE_AUTORELEASING = YES;
				CLANG_WARN_BOOL_CONVERSION = YES;
				CLANG_WARN_COMMA = YES;
				CLANG_WARN_CONSTANT_CONVERSION = YES;
				CLANG_WARN_DEPRECATED_OBJC_IMPLEMENTATIONS = YES;
				CLANG_WARN_DIRECT_OBJC_ISA_USAGE = YES_ERROR;
				CLANG_WARN_DOCUMENTATION_COMMENTS = YES;
				CLANG_WARN_EMPTY_BODY = YES;
				CLANG_WARN_ENUM_CONVERSION = YES;
				CLANG_WARN_INFINITE_RECURSION = YES;
				CLANG_WARN_INT_CONVERSION = YES;
				CLANG_WARN_NON_LITERAL_NULL_CONVERSION = YES;
				CLANG_WARN_OBJC_IMPLICIT_RETAIN_SELF = YES;
				CLANG_WARN_OBJC_LITERAL_CONVERSION = YES;
				CLANG_WARN_OBJC_ROOT_CLASS = YES_ERROR;
				CLANG_WARN_QUOTED_INCLUDE_IN_FRAMEWORK_HEADER = YES;
				CLANG_WARN_RANGE_LOOP_ANALYSIS = YES;
				CLANG_WARN_STRICT_PROTOTYPES = YES;
				CLANG_WARN_SUSPICIOUS_MOVE = YES;
				CLANG_WARN_UNGUARDED_AVAILABILITY = YES_AGGRESSIVE;
				CLANG_WARN_UNREACHABLE_CODE = YES;
				CLANG_WARN__DUPLICATE_METHOD_MATCH = YES;
				COPY_PHASE_STRIP = NO;
				DEBUG_INFORMATION_FORMAT = dwarf;
				DEVELOPMENT_TEAM = GR6TN9J3RM;
				ENABLE_STRICT_OBJC_MSGSEND = YES;
				ENABLE_TESTABILITY = YES;
				ENABLE_USER_SCRIPT_SANDBOXING = YES;
				GCC_C_LANGUAGE_STANDARD = gnu17;
				GCC_DYNAMIC_NO_PIC = NO;
				GCC_NO_COMMON_BLOCKS = YES;
				GCC_OPTIMIZATION_LEVEL = 0;
				GCC_PREPROCESSOR_DEFINITIONS = (
					"DEBUG=1",
					"$(inherited)",
				);
				GCC_WARN_64_TO_32_BIT_CONVERSION = YES;
				GCC_WARN_ABOUT_RETURN_TYPE = YES_ERROR;
				GCC_WARN_UNDECLARED_SELECTOR = YES;
				GCC_WARN_UNINITIALIZED_AUTOS = YES_AGGRESSIVE;
				GCC_WARN_UNUSED_FUNCTION = YES;
				GCC_WARN_UNUSED_VARIABLE = YES;
				IPHONEOS_DEPLOYMENT_TARGET = 26.2;
				LOCALIZATION_PREFERS_STRING_CATALOGS = YES;
				MTL_ENABLE_DEBUG_INFO = INCLUDE_SOURCE;
				MTL_FAST_MATH = YES;
				ONLY_ACTIVE_ARCH = YES;
				SDKROOT = iphoneos;
				SWIFT_ACTIVE_COMPILATION_CONDITIONS = "DEBUG $(inherited)";
				SWIFT_OPTIMIZATION_LEVEL = "-Onone";
			};
			name = Debug;
		};
		EEDC66012F4607970024C3F3 /* Release */ = {
			isa = XCBuildConfiguration;
			buildSettings = {
				ALWAYS_SEARCH_USER_PATHS = NO;
				ASSETCATALOG_COMPILER_GENERATE_SWIFT_ASSET_SYMBOL_EXTENSIONS = YES;
				CLANG_ANALYZER_NONNULL = YES;
				CLANG_ANALYZER_NUMBER_OBJECT_CONVERSION = YES_AGGRESSIVE;
				CLANG_CXX_LANGUAGE_STANDARD = "gnu++20";
				CLANG_ENABLE_MODULES = YES;
				CLANG_ENABLE_OBJC_ARC = YES;
				CLANG_ENABLE_OBJC_WEAK = YES;
				CLANG_WARN_BLOCK_CAPTURE_AUTORELEASING = YES;
				CLANG_WARN_BOOL_CONVERSION = YES;
				CLANG_WARN_COMMA = YES;
				CLANG_WARN_CONSTANT_CONVERSION = YES;
				CLANG_WARN_DEPRECATED_OBJC_IMPLEMENTATIONS = YES;
				CLANG_WARN_DIRECT_OBJC_ISA_USAGE = YES_ERROR;
				CLANG_WARN_DOCUMENTATION_COMMENTS = YES;
				CLANG_WARN_EMPTY_BODY = YES;
				CLANG_WARN_ENUM_CONVERSION = YES;
				CLANG_WARN_INFINITE_RECURSION = YES;
				CLANG_WARN_INT_CONVERSION = YES;
				CLANG_WARN_NON_LITERAL_NULL_CONVERSION = YES;
				CLANG_WARN_OBJC_IMPLICIT_RETAIN_SELF = YES;
				CLANG_WARN_OBJC_LITERAL_CONVERSION = YES;
				CLANG_WARN_OBJC_ROOT_CLASS = YES_ERROR;
				CLANG_WARN_QUOTED_INCLUDE_IN_FRAMEWORK_HEADER = YES;
				CLANG_WARN_RANGE_LOOP_ANALYSIS = YES;
				CLANG_WARN_STRICT_PROTOTYPES = YES;
				CLANG_WARN_SUSPICIOUS_MOVE = YES;
				CLANG_WARN_UNGUARDED_AVAILABILITY = YES_AGGRESSIVE;
				CLANG_WARN_UNREACHABLE_CODE = YES;
				CLANG_WARN__DUPLICATE_METHOD_MATCH = YES;
				COPY_PHASE_STRIP = NO;
				DEBUG_INFORMATION_FORMAT = "dwarf-with-dsym";
				DEVELOPMENT_TEAM = GR6TN9J3RM;
				ENABLE_NS_ASSERTIONS = NO;
				ENABLE_STRICT_OBJC_MSGSEND = YES;
				ENABLE_USER_SCRIPT_SANDBOXING = YES;
				GCC_C_LANGUAGE_STANDARD = gnu17;
				GCC_NO_COMMON_BLOCKS = YES;
				GCC_WARN_64_TO_32_BIT_CONVERSION = YES;
				GCC_WARN_ABOUT_RETURN_TYPE = YES_ERROR;
				GCC_WARN_UNDECLARED_SELECTOR = YES;
				GCC_WARN_UNINITIALIZED_AUTOS = YES_AGGRESSIVE;
				GCC_WARN_UNUSED_FUNCTION = YES;
				GCC_WARN_UNUSED_VARIABLE = YES;
				IPHONEOS_DEPLOYMENT_TARGET = 26.2;
				LOCALIZATION_PREFERS_STRING_CATALOGS = YES;
				MTL_ENABLE_DEBUG_INFO = NO;
				MTL_FAST_MATH = YES;
				SDKROOT = iphoneos;
				SWIFT_COMPILATION_MODE = wholemodule;
				VALIDATE_PRODUCT = YES;
			};
			name = Release;
		};
		EEDC66032F4607970024C3F3 /* Debug */ = {
			isa = XCBuildConfiguration;
			buildSettings = {
				ASSETCATALOG_COMPILER_APPICON_NAME = AppIcon;
				ASSETCATALOG_COMPILER_GLOBAL_ACCENT_COLOR_NAME = AccentColor;
				CODE_SIGN_STYLE = Automatic;
				CURRENT_PROJECT_VERSION = 1;
				DEVELOPMENT_TEAM = GR6TN9J3RM;
				ENABLE_PREVIEWS = YES;
				GENERATE_INFOPLIST_FILE = YES;
				INFOPLIST_KEY_UIApplicationSceneManifest_Generation = YES;
				INFOPLIST_KEY_UIApplicationSupportsIndirectInputEvents = YES;
				INFOPLIST_KEY_UILaunchScreen_Generation = YES;
				INFOPLIST_KEY_UISupportedInterfaceOrientations_iPad = "UIInterfaceOrientationPortrait UIInterfaceOrientationPortraitUpsideDown UIInterfaceOrientationLandscapeLeft UIInterfaceOrientationLandscapeRight";
				INFOPLIST_KEY_UISupportedInterfaceOrientations_iPhone = "UIInterfaceOrientationPortrait UIInterfaceOrientationLandscapeLeft UIInterfaceOrientationLandscapeRight";
				IPHONEOS_DEPLOYMENT_TARGET = 18.6;
				LD_RUNPATH_SEARCH_PATHS = (
					"$(inherited)",
					"@executable_path/Frameworks",
				);
				MARKETING_VERSION = 1.0;
				PRODUCT_BUNDLE_IDENTIFIER = com.iyashi.NailNote;
				PRODUCT_NAME = "$(TARGET_NAME)";
				STRING_CATALOG_GENERATE_SYMBOLS = YES;
				SWIFT_APPROACHABLE_CONCURRENCY = YES;
				SWIFT_DEFAULT_ACTOR_ISOLATION = MainActor;
				SWIFT_EMIT_LOC_STRINGS = YES;
				SWIFT_UPCOMING_FEATURE_MEMBER_IMPORT_VISIBILITY = YES;
				SWIFT_VERSION = 5.0;
				TARGETED_DEVICE_FAMILY = "1,2";
			};
			name = Debug;
		};
		EEDC66042F4607970024C3F3 /* Release */ = {
			isa = XCBuildConfiguration;
			buildSettings = {
				ASSETCATALOG_COMPILER_APPICON_NAME = AppIcon;
				ASSETCATALOG_COMPILER_GLOBAL_ACCENT_COLOR_NAME = AccentColor;
				CODE_SIGN_STYLE = Automatic;
				CURRENT_PROJECT_VERSION = 1;
				DEVELOPMENT_TEAM = GR6TN9J3RM;
				ENABLE_PREVIEWS = YES;
				GENERATE_INFOPLIST_FILE = YES;
				INFOPLIST_KEY_UIApplicationSceneManifest_Generation = YES;
				INFOPLIST_KEY_UIApplicationSupportsIndirectInputEvents = YES;
				INFOPLIST_KEY_UILaunchScreen_Generation = YES;
				INFOPLIST_KEY_UISupportedInterfaceOrientations_iPad = "UIInterfaceOrientationPortrait UIInterfaceOrientationPortraitUpsideDown UIInterfaceOrientationLandscapeLeft UIInterfaceOrientationLandscapeRight";
				INFOPLIST_KEY_UISupportedInterfaceOrientations_iPhone = "UIInterfaceOrientationPortrait UIInterfaceOrientationLandscapeLeft UIInterfaceOrientationLandscapeRight";
				IPHONEOS_DEPLOYMENT_TARGET = 18.6;
				LD_RUNPATH_SEARCH_PATHS = (
					"$(inherited)",
					"@executable_path/Frameworks",
				);
				MARKETING_VERSION = 1.0;
				PRODUCT_BUNDLE_IDENTIFIER = com.iyashi.NailNote;
				PRODUCT_NAME = "$(TARGET_NAME)";
				STRING_CATALOG_GENERATE_SYMBOLS = YES;
				SWIFT_APPROACHABLE_CONCURRENCY = YES;
				SWIFT_DEFAULT_ACTOR_ISOLATION = MainActor;
				SWIFT_EMIT_LOC_STRINGS = YES;
				SWIFT_UPCOMING_FEATURE_MEMBER_IMPORT_VISIBILITY = YES;
				SWIFT_VERSION = 5.0;
				TARGETED_DEVICE_FAMILY = "1,2";
			};
			name = Release;
		};
/* End XCBuildConfiguration section */

/* Begin XCConfigurationList section */
		EEDC65ED2F4607920024C3F3 /* Build configuration list for PBXProject "NailNote" */ = {
			isa = XCConfigurationList;
			buildConfigurations = (
				EEDC66002F4607970024C3F3 /* Debug */,
				EEDC66012F4607970024C3F3 /* Release */,
			);
			defaultConfigurationIsVisible = 0;
			defaultConfigurationName = Release;
		};
		EEDC66022F4607970024C3F3 /* Build configuration list for PBXNativeTarget "NailNote" */ = {
			isa = XCConfigurationList;
			buildConfigurations = (
				EEDC66032F4607970024C3F3 /* Debug */,
				EEDC66042F4607970024C3F3 /* Release */,
			);
			defaultConfigurationIsVisible = 0;
			defaultConfigurationName = Release;
		};
/* End XCConfigurationList section */

/* Begin XCVersionGroup section */
		EEDC66082F460A940024C3F3 /* NailNote.xcdatamodeld */ = {
			isa = XCVersionGroup;
			children = (
				EEDC660C2F460A940024C3F3 /* NailNote.xcdatamodel */,
			);
			currentVersion = EEDC660C2F460A940024C3F3 /* NailNote.xcdatamodel */;
			path = NailNote.xcdatamodeld;
			sourceTree = "<group>";
			versionGroupType = wrapper.xcdatamodel;
		};
/* End XCVersionGroup section */
	};
	rootObject = EEDC65EA2F4607920024C3F3 /* Project object */;
}
